
Microsoft Visual Studio Solution File, Format Version 12.00
# Visual Studio 2013
VisualStudioVersion = 12.0.30723.0
MinimumVisualStudioVersion = 10.0.40219.1
Project("{FAE04EC0-301F-11D3-BF4B-00C04F79EFBC}") = "Calculator_MVVM_OranG", "Calculator_MVVM_OranG\Calculator_MVVM_OranG.csproj", "{A748F29A-B5B8-4257-86EC-F43BDDE498CA}"
EndProject
Project("{FAE04EC0-301F-11D3-BF4B-00C04F79EFBC}") = "Calculator_UnitTests", "Calculator_UnitTests\Calculator_UnitTests.csproj", "{BFDD5A80-8662-464E-8DC7-28BF384FFD2B}"
EndProject
Global
	GlobalSection(SolutionConfigurationPlatforms) = preSolution
		Debug|Any CPU = Debug|Any CPU
		Release|Any CPU = Release|Any CPU
	EndGlobalSection
	GlobalSection(ProjectConfigurationPlatforms) = postSolution
		{A748F29A-B5B8-4257-86EC-F43BDDE498CA}.Debug|Any CPU.ActiveCfg = Debug|Any CPU
		{A748F29A-B5B8-4257-86EC-F43BDDE498CA}.Debug|Any CPU.Build.0 = Debug|Any CPU
		{A748F29A-B5B8-4257-86EC-F43BDDE498CA}.Release|Any CPU.ActiveCfg = Release|Any CPU
		{A748F29A-B5B8-4257-86EC-F43BDDE498CA}.Release|Any CPU.Build.0 = Release|Any CPU
		{BFDD5A80-8662-464E-8DC7-28BF384FFD2B}.Debug|Any CPU.ActiveCfg = Debug|Any CPU
		{BFDD5A80-8662-464E-8DC7-28BF384FFD2B}.Debug|Any CPU.Build.0 = Debug|Any CPU
		{BFDD5A80-8662-464E-8DC7-28BF384FFD2B}.Release|Any CPU.ActiveCfg = Release|Any CPU
		{BFDD5A80-8662-464E-8DC7-28BF384FFD2B}.Release|Any CPU.Build.0 = Release|Any CPU
	EndGlobalSection
	GlobalSection(SolutionProperties) = preSolution
		HideSolutionNode = FALSE
	EndGlobalSection
EndGlobal
